
Microsoft Visual Studio Solution File, Format Version 12.00
# Visual Studio Version 17
VisualStudioVersion = 17.8.34511.84
MinimumVisualStudioVersion = 10.0.40219.1
Project("{FAE04EC0-301F-11D3-BF4B-00C04F79EFBC}") = "ComissionsTracker", "ComissionsTracker\ComissionsTracker.csproj", "{4381997D-0859-4C4C-AB0C-99C352841523}"
EndProject
Global
	GlobalSection(SolutionConfigurationPlatforms) = preSolution
		Debug|Any CPU = Debug|Any CPU
		Release|Any CPU = Release|Any CPU
	EndGlobalSection
	GlobalSection(ProjectConfigurationPlatforms) = postSolution
		{4381997D-0859-4C4C-AB0C-99C352841523}.Debug|Any CPU.ActiveCfg = Debug|Any CPU
		{4381997D-0859-4C4C-AB0C-99C352841523}.Debug|Any CPU.Build.0 = Debug|Any CPU
		{4381997D-0859-4C4C-AB0C-99C352841523}.Release|Any CPU.ActiveCfg = Release|Any CPU
		{4381997D-0859-4C4C-AB0C-99C352841523}.Release|Any CPU.Build.0 = Release|Any CPU
	EndGlobalSection
	GlobalSection(SolutionProperties) = preSolution
		HideSolutionNode = FALSE
	EndGlobalSection
	GlobalSection(ExtensibilityGlobals) = postSolution
		SolutionGuid = {0E8B6792-2C1B-4580-BF97-CFB222D1AE35}
	EndGlobalSection
EndGlobal
